
Microsoft Visual Studio Solution File, Format Version 12.00
# Visual Studio Version 16
VisualStudioVersion = 16.0.28922.388
MinimumVisualStudioVersion = 10.0.40219.1
Project("{FAE04EC0-301F-11D3-BF4B-00C04F79EFBC}") = "Exception.HResult.Sample.Net.3.5", "Exception.HResult.Sample.Net.3.5\Exception.HResult.Sample.Net.3.5.csproj", "{1F451EAB-173E-4A8A-AC73-822DFDB2FBBB}"
EndProject
Project("{FAE04EC0-301F-11D3-BF4B-00C04F79EFBC}") = "Exception.HResult.Sample.Core", "Exception.HResult.Sample.Core\Exception.HResult.Sample.Core.csproj", "{235CC0AA-111B-4433-8DB0-723C926E3475}"
EndProject
Project("{FAE04EC0-301F-11D3-BF4B-00C04F79EFBC}") = "Exception.HResult.Sample.Net.4.5.2", "Exception.HResult.Sample.Net.4.5.2\Exception.HResult.Sample.Net.4.5.2.csproj", "{0086ADE3-B63D-4BE9-B5E6-7B36B81519AF}"
EndProject
Global
	GlobalSection(SolutionConfigurationPlatforms) = preSolution
		Debug|Any CPU = Debug|Any CPU
		Release|Any CPU = Release|Any CPU
	EndGlobalSection
	GlobalSection(ProjectConfigurationPlatforms) = postSolution
		{1F451EAB-173E-4A8A-AC73-822DFDB2FBBB}.Debug|Any CPU.ActiveCfg = Debug|Any CPU
		{1F451EAB-173E-4A8A-AC73-822DFDB2FBBB}.Debug|Any CPU.Build.0 = Debug|Any CPU
		{1F451EAB-173E-4A8A-AC73-822DFDB2FBBB}.Release|Any CPU.ActiveCfg = Release|Any CPU
		{1F451EAB-173E-4A8A-AC73-822DFDB2FBBB}.Release|Any CPU.Build.0 = Release|Any CPU
		{235CC0AA-111B-4433-8DB0-723C926E3475}.Debug|Any CPU.ActiveCfg = Debug|Any CPU
		{235CC0AA-111B-4433-8DB0-723C926E3475}.Debug|Any CPU.Build.0 = Debug|Any CPU
		{235CC0AA-111B-4433-8DB0-723C926E3475}.Release|Any CPU.ActiveCfg = Release|Any CPU
		{235CC0AA-111B-4433-8DB0-723C926E3475}.Release|Any CPU.Build.0 = Release|Any CPU
		{0086ADE3-B63D-4BE9-B5E6-7B36B81519AF}.Debug|Any CPU.ActiveCfg = Debug|Any CPU
		{0086ADE3-B63D-4BE9-B5E6-7B36B81519AF}.Debug|Any CPU.Build.0 = Debug|Any CPU
		{0086ADE3-B63D-4BE9-B5E6-7B36B81519AF}.Release|Any CPU.ActiveCfg = Release|Any CPU
		{0086ADE3-B63D-4BE9-B5E6-7B36B81519AF}.Release|Any CPU.Build.0 = Release|Any CPU
	EndGlobalSection
	GlobalSection(SolutionProperties) = preSolution
		HideSolutionNode = FALSE
	EndGlobalSection
	GlobalSection(ExtensibilityGlobals) = postSolution
		SolutionGuid = {00243FD2-67D0-44D3-87A9-A41A3BE8D2CD}
	EndGlobalSection
EndGlobal
